// !$*UTF8*$!
{
	archiveVersion = 1;
	classes = {
	};
	objectVersion = 50;
	objects = {

/* Begin PBXBuildFile section */
		000CFCB4219F2E7A00D588EF /* AppDelegate.swift in Sources */ = {isa = PBXBuildFile; fileRef = 000CFCB3219F2E7A00D588EF /* AppDelegate.swift */; };
		000CFCB6219F2E7A00D588EF /* ViewController.swift in Sources */ = {isa = PBXBuildFile; fileRef = 000CFCB5219F2E7A00D588EF /* ViewController.swift */; };
		000CFCB9219F2E7A00D588EF /* Main.storyboard in Resources */ = {isa = PBXBuildFile; fileRef = 000CFCB7219F2E7A00D588EF /* Main.storyboard */; };
		000CFCBB219F2E7E00D588EF /* Assets.xcassets in Resources */ = {isa = PBXBuildFile; fileRef = 000CFCBA219F2E7E00D588EF /* Assets.xcassets */; };
		000CFCBE219F2E7E00D588EF /* LaunchScreen.storyboard in Resources */ = {isa = PBXBuildFile; fileRef = 000CFCBC219F2E7E00D588EF /* LaunchScreen.storyboard */; };
/* End PBXBuildFile section */

/* Begin PBXFileReference section */
		000CFCB0219F2E7A00D588EF /* Demo Background Location.app */ = {isa = PBXFileReference; explicitFileType = wrapper.application; includeInIndex = 0; path = "Demo Background Location.app"; sourceTree = BUILT_PRODUCTS_DIR; };
		000CFCB3219F2E7A00D588EF /* AppDelegate.swift */ = {isa = PBXFileReference; lastKnownFileType = sourcecode.swift; path = AppDelegate.swift; sourceTree = "<group>"; };
		000CFCB5219F2E7A00D588EF /* ViewController.swift */ = {isa = PBXFileReference; lastKnownFileType = sourcecode.swift; path = ViewController.swift; sourceTree = "<group>"; };
		000CFCB8219F2E7A00D588EF /* Base */ = {isa = PBXFileReference; lastKnownFileType = file.storyboard; name = Base; path = Base.lproj/Main.storyboard; sourceTree = "<group>"; };
		000CFCBA219F2E7E00D588EF /* Assets.xcassets */ = {isa = PBXFileReference; lastKnownFileType = folder.assetcatalog; path = Assets.xcassets; sourceTree = "<group>"; };
		000CFCBD219F2E7E00D588EF /* Base */ = {isa = PBXFileReference; lastKnownFileType = file.storyboard; name = Base; path = Base.lproj/LaunchScreen.storyboard; sourceTree = "<group>"; };
		000CFCBF219F2E7E00D588EF /* Info.plist */ = {isa = PBXFileReference; lastKnownFileType = text.plist.xml; path = Info.plist; sourceTree = "<group>"; };
/* End PBXFileReference section */

/* Begin PBXFrameworksBuildPhase section */
		000CFCAD219F2E7A00D588EF /* Frameworks */ = {
			isa = PBXFrameworksBuildPhase;
			buildActionMask = 2147483647;
			files = (
			);
			runOnlyForDeploymentPostprocessing = 0;
		};
/* End PBXFrameworksBuildPhase section */

/* Begin PBXGroup section */
		000CFCA7219F2E7A00D588EF = {
			isa = PBXGroup;
			children = (
				000CFCB2219F2E7A00D588EF /* Demo Background Location */,
				000CFCB1219F2E7A00D588EF /* Products */,
			);
			sourceTree = "<group>";
		};
		000CFCB1219F2E7A00D588EF /* Products */ = {
			isa = PBXGroup;
			children = (
				000CFCB0219F2E7A00D588EF /* Demo Background Location.app */,
			);
			name = Products;
			sourceTree = "<group>";
		};
		000CFCB2219F2E7A00D588EF /* Demo Background Location */ = {
			isa = PBXGroup;
			children = (
				000CFCB3219F2E7A00D588EF /* AppDelegate.swift */,
				000CFCB5219F2E7A00D588EF /* ViewController.swift */,
				000CFCB7219F2E7A00D588EF /* Main.storyboard */,
				000CFCBA219F2E7E00D588EF /* Assets.xcassets */,
				000CFCBC219F2E7E00D588EF /* LaunchScreen.storyboard */,
				000CFCBF219F2E7E00D588EF /* Info.plist */,
			);
			path = "Demo Background Location";
			sourceTree = "<group>";
		};
/* End PBXGroup section */

/* Begin PBXNativeTarget section */
		000CFCAF219F2E7A00D588EF /* Demo Background Location */ = {
			isa = PBXNativeTarget;
			buildConfigurationList = 000CFCC2219F2E7E00D588EF /* Build configuration list for PBXNativeTarget "Demo Background Location" */;
			buildPhases = (
				000CFCAC219F2E7A00D588EF /* Sources */,
				000CFCAD219F2E7A00D588EF /* Frameworks */,
				000CFCAE219F2E7A00D588EF /* Resources */,
			);
			buildRules = (
			);
			dependencies = (
			);
			name = "Demo Background Location";
			productName = "Demo Background Location";
			productReference = 000CFCB0219F2E7A00D588EF /* Demo Background Location.app */;
			productType = "com.apple.product-type.application";
		};
/* End PBXNativeTarget section */

/* Begin PBXProject section */
		000CFCA8219F2E7A00D588EF /* Project object */ = {
			isa = PBXProject;
			attributes = {
				LastSwiftUpdateCheck = 1010;
				LastUpgradeCheck = 1010;
				ORGANIZATIONNAME = DeathStroke;
				TargetAttributes = {
					000CFCAF219F2E7A00D588EF = {
						CreatedOnToolsVersion = 10.1;
					};
				};
			};
			buildConfigurationList = 000CFCAB219F2E7A00D588EF /* Build configuration list for PBXProject "Demo Background Location" */;
			compatibilityVersion = "Xcode 9.3";
			developmentRegion = en;
			hasScannedForEncodings = 0;
			knownRegions = (
				en,
				Base,
			);
			mainGroup = 000CFCA7219F2E7A00D588EF;
			productRefGroup = 000CFCB1219F2E7A00D588EF /* Products */;
			projectDirPath = "";
			projectRoot = "";
			targets = (
				000CFCAF219F2E7A00D588EF /* Demo Background Location */,
			);
		};
/* End PBXProject section */

/* Begin PBXResourcesBuildPhase section */
		000CFCAE219F2E7A00D588EF /* Resources */ = {
			isa = PBXResourcesBuildPhase;
			buildActionMask = 2147483647;
			files = (
				000CFCBE219F2E7E00D588EF /* LaunchScreen.storyboard in Resources */,
				000CFCBB219F2E7E00D588EF /* Assets.xcassets in Resources */,
				000CFCB9219F2E7A00D588EF /* Main.storyboard in Resources */,
			);
			runOnlyForDeploymentPostprocessing = 0;
		};
/* End PBXResourcesBuildPhase section */

/* Begin PBXSourcesBuildPhase section */
		000CFCAC219F2E7A00D588EF /* Sources */ = {
			isa = PBXSourcesBuildPhase;
			buildActionMask = 2147483647;
			files = (
				000CFCB6219F2E7A00D588EF /* ViewController.swift in Sources */,
				000CFCB4219F2E7A00D588EF /* AppDelegate.swift in Sources */,
			);
			runOnlyForDeploymentPostprocessing = 0;
		};
/* End PBXSourcesBuildPhase section */

/* Begin PBXVariantGroup section */
		000CFCB7219F2E7A00D588EF /* Main.storyboard */ = {
			isa = PBXVariantGroup;
			children = (
				000CFCB8219F2E7A00D588EF /* Base */,
			);
			name = Main.storyboard;
			sourceTree = "<group>";
		};
		000CFCBC219F2E7E00D588EF /* LaunchScreen.storyboard */ = {
			isa = PBXVariantGroup;
			children = (
				000CFCBD219F2E7E00D588EF /* Base */,
			);
			name = LaunchScreen.storyboard;
			sourceTree = "<group>";
		};
/* End PBXVariantGroup section */

/* Begin XCBuildConfiguration section */
		000CFCC0219F2E7E00D588EF /* Debug */ = {
			isa = XCBuildConfiguration;
			buildSettings = {
				ALWAYS_SEARCH_USER_PATHS = NO;
				CLANG_ANALYZER_NONNULL = YES;
				CLANG_ANALYZER_NUMBER_OBJECT_CONVERSION = YES_AGGRESSIVE;
				CLANG_CXX_LANGUAGE_STANDARD = "gnu++14";
				CLANG_CXX_LIBRARY = "libc++";
				CLANG_ENABLE_MODULES = YES;
				CLANG_ENABLE_OBJC_ARC = YES;
				CLANG_ENABLE_OBJC_WEAK = YES;
				CLANG_WARN_BLOCK_CAPTURE_AUTORELEASING = YES;
				CLANG_WARN_BOOL_CONVERSION = YES;
				CLANG_WARN_COMMA = YES;
				CLANG_WARN_CONSTANT_CONVERSION = YES;
				CLANG_WARN_DEPRECATED_OBJC_IMPLEMENTATIONS = YES;
				CLANG_WARN_DIRECT_OBJC_ISA_USAGE = YES_ERROR;
				CLANG_WARN_DOCUMENTATION_COMMENTS = YES;
				CLANG_WARN_EMPTY_BODY = YES;
				CLANG_WARN_ENUM_CONVERSION = YES;
				CLANG_WARN_INFINITE_RECURSION = YES;
				CLANG_WARN_INT_CONVERSION = YES;
				CLANG_WARN_NON_LITERAL_NULL_CONVERSION = YES;
				CLANG_WARN_OBJC_IMPLICIT_RETAIN_SELF = YES;
				CLANG_WARN_OBJC_LITERAL_CONVERSION = YES;
				CLANG_WARN_OBJC_ROOT_CLASS = YES_ERROR;
				CLANG_WARN_RANGE_LOOP_ANALYSIS = YES;
				CLANG_WARN_STRICT_PROTOTYPES = YES;
				CLANG_WARN_SUSPICIOUS_MOVE = YES;
				CLANG_WARN_UNGUARDED_AVAILABILITY = YES_AGGRESSIVE;
				CLANG_WARN_UNREACHABLE_CODE = YES;
				CLANG_WARN__DUPLICATE_METHOD_MATCH = YES;
				CODE_SIGN_IDENTITY = "iPhone Developer";
				COPY_PHASE_STRIP = NO;
				DEBUG_INFORMATION_FORMAT = dwarf;
				ENABLE_STRICT_OBJC_MSGSEND = YES;
				ENABLE_TESTABILITY = YES;
				GCC_C_LANGUAGE_STANDARD = gnu11;
				GCC_DYNAMIC_NO_PIC = NO;
				GCC_NO_COMMON_BLOCKS = YES;
				GCC_OPTIMIZATION_LEVEL = 0;
				GCC_PREPROCESSOR_DEFINITIONS = (
					"DEBUG=1",
					"$(inherited)",
				);
				GCC_WARN_64_TO_32_BIT_CONVERSION = YES;
				GCC_WARN_ABOUT_RETURN_TYPE = YES_ERROR;
				GCC_WARN_UNDECLARED_SELECTOR = YES;
				GCC_WARN_UNINITIALIZED_AUTOS = YES_AGGRESSIVE;
				GCC_WARN_UNUSED_FUNCTION = YES;
				GCC_WARN_UNUSED_VARIABLE = YES;
				IPHONEOS_DEPLOYMENT_TARGET = 12.1;
				MTL_ENABLE_DEBUG_INFO = INCLUDE_SOURCE;
				MTL_FAST_MATH = YES;
				ONLY_ACTIVE_ARCH = YES;
				SDKROOT = iphoneos;
				SWIFT_ACTIVE_COMPILATION_CONDITIONS = DEBUG;
				SWIFT_OPTIMIZATION_LEVEL = "-Onone";
			};
			name = Debug;
		};
		000CFCC1219F2E7E00D588EF /* Release */ = {
			isa = XCBuildConfiguration;
			buildSettings = {
				ALWAYS_SEARCH_USER_PATHS = NO;
				CLANG_ANALYZER_NONNULL = YES;
				CLANG_ANALYZER_NUMBER_OBJECT_CONVERSION = YES_AGGRESSIVE;
				CLANG_CXX_LANGUAGE_STANDARD = "gnu++14";
				CLANG_CXX_LIBRARY = "libc++";
				CLANG_ENABLE_MODULES = YES;
				CLANG_ENABLE_OBJC_ARC = YES;
				CLANG_ENABLE_OBJC_WEAK = YES;
				CLANG_WARN_BLOCK_CAPTURE_AUTORELEASING = YES;
				CLANG_WARN_BOOL_CONVERSION = YES;
				CLANG_WARN_COMMA = YES;
				CLANG_WARN_CONSTANT_CONVERSION = YES;
				CLANG_WARN_DEPRECATED_OBJC_IMPLEMENTATIONS = YES;
				CLANG_WARN_DIRECT_OBJC_ISA_USAGE = YES_ERROR;
				CLANG_WARN_DOCUMENTATION_COMMENTS = YES;
				CLANG_WARN_EMPTY_BODY = YES;
				CLANG_WARN_ENUM_CONVERSION = YES;
				CLANG_WARN_INFINITE_RECURSION = YES;
				CLANG_WARN_INT_CONVERSION = YES;
				CLANG_WARN_NON_LITERAL_NULL_CONVERSION = YES;
				CLANG_WARN_OBJC_IMPLICIT_RETAIN_SELF = YES;
				CLANG_WARN_OBJC_LITERAL_CONVERSION = YES;
				CLANG_WARN_OBJC_ROOT_CLASS = YES_ERROR;
				CLANG_WARN_RANGE_LOOP_ANALYSIS = YES;
				CLANG_WARN_STRICT_PROTOTYPES = YES;
				CLANG_WARN_SUSPICIOUS_MOVE = YES;
				CLANG_WARN_UNGUARDED_AVAILABILITY = YES_AGGRESSIVE;
				CLANG_WARN_UNREACHABLE_CODE = YES;
				CLANG_WARN__DUPLICATE_METHOD_MATCH = YES;
				CODE_SIGN_IDENTITY = "iPhone Developer";
				COPY_PHASE_STRIP = NO;
				DEBUG_INFORMATION_FORMAT = "dwarf-with-dsym";
				ENABLE_NS_ASSERTIONS = NO;
				ENABLE_STRICT_OBJC_MSGSEND = YES;
				GCC_C_LANGUAGE_STANDARD = gnu11;
				GCC_NO_COMMON_BLOCKS = YES;
				GCC_WARN_64_TO_32_BIT_CONVERSION = YES;
				GCC_WARN_ABOUT_RETURN_TYPE = YES_ERROR;
				GCC_WARN_UNDECLARED_SELECTOR = YES;
				GCC_WARN_UNINITIALIZED_AUTOS = YES_AGGRESSIVE;
				GCC_WARN_UNUSED_FUNCTION = YES;
				GCC_WARN_UNUSED_VARIABLE = YES;
				IPHONEOS_DEPLOYMENT_TARGET = 12.1;
				MTL_ENABLE_DEBUG_INFO = NO;
				MTL_FAST_MATH = YES;
				SDKROOT = iphoneos;
				SWIFT_COMPILATION_MODE = wholemodule;
				SWIFT_OPTIMIZATION_LEVEL = "-O";
				VALIDATE_PRODUCT = YES;
			};
			name = Release;
		};
		000CFCC3219F2E7E00D588EF /* Debug */ = {
			isa = XCBuildConfiguration;
			buildSettings = {
				ASSETCATALOG_COMPILER_APPICON_NAME = AppIcon;
				CODE_SIGN_STYLE = Automatic;
				INFOPLIST_FILE = "Demo Background Location/Info.plist";
				LD_RUNPATH_SEARCH_PATHS = (
					"$(inherited)",
					"@executable_path/Frameworks",
				);
				PRODUCT_BUNDLE_IDENTIFIER = "com.iws.Demo-Background-Location";
				PRODUCT_NAME = "$(TARGET_NAME)";
				SWIFT_VERSION = 4.2;
				TARGETED_DEVICE_FAMILY = "1,2";
			};
			name = Debug;
		};
		000CFCC4219F2E7E00D588EF /* Release */ = {
			isa = XCBuildConfiguration;
			buildSettings = {
				ASSETCATALOG_COMPILER_APPICON_NAME = AppIcon;
				CODE_SIGN_STYLE = Automatic;
				INFOPLIST_FILE = "Demo Background Location/Info.plist";
				LD_RUNPATH_SEARCH_PATHS = (
					"$(inherited)",
					"@executable_path/Frameworks",
				);
				PRODUCT_BUNDLE_IDENTIFIER = "com.iws.Demo-Background-Location";
				PRODUCT_NAME = "$(TARGET_NAME)";
				SWIFT_VERSION = 4.2;
				TARGETED_DEVICE_FAMILY = "1,2";
			};
			name = Release;
		};
/* End XCBuildConfiguration section */

/* Begin XCConfigurationList section */
		000CFCAB219F2E7A00D588EF /* Build configuration list for PBXProject "Demo Background Location" */ = {
			isa = XCConfigurationList;
			buildConfigurations = (
				000CFCC0219F2E7E00D588EF /* Debug */,
				000CFCC1219F2E7E00D588EF /* Release */,
			);
			defaultConfigurationIsVisible = 0;
			defaultConfigurationName = Release;
		};
		000CFCC2219F2E7E00D588EF /* Build configuration list for PBXNativeTarget "Demo Background Location" */ = {
			isa = XCConfigurationList;
			buildConfigurations = (
				000CFCC3219F2E7E00D588EF /* Debug */,
				000CFCC4219F2E7E00D588EF /* Release */,
			);
			defaultConfigurationIsVisible = 0;
			defaultConfigurationName = Release;
		};
/* End XCConfigurationList section */
	};
	rootObject = 000CFCA8219F2E7A00D588EF /* Project object */;
}
